
Microsoft Visual Studio Solution File, Format Version 12.00
# Visual Studio Version 17
VisualStudioVersion = 17.9.34723.18
MinimumVisualStudioVersion = 10.0.40219.1
Project("{FAE04EC0-301F-11D3-BF4B-00C04F79EFBC}") = "NowPlaying", "NowPlaying.csproj", "{2206EF78-A25A-48E6-AB82-72D7051D0D81}"
EndProject
Global
	GlobalSection(SolutionConfigurationPlatforms) = preSolution
		Debug|Any CPU = Debug|Any CPU
		Release|Any CPU = Release|Any CPU
	EndGlobalSection
	GlobalSection(ProjectConfigurationPlatforms) = postSolution
		{2206EF78-A25A-48E6-AB82-72D7051D0D81}.Debug|Any CPU.ActiveCfg = Debug|Any CPU
		{2206EF78-A25A-48E6-AB82-72D7051D0D81}.Debug|Any CPU.Build.0 = Debug|Any CPU
		{2206EF78-A25A-48E6-AB82-72D7051D0D81}.Release|Any CPU.ActiveCfg = Release|Any CPU
		{2206EF78-A25A-48E6-AB82-72D7051D0D81}.Release|Any CPU.Build.0 = Release|Any CPU
	EndGlobalSection
	GlobalSection(SolutionProperties) = preSolution
		HideSolutionNode = FALSE
	EndGlobalSection
	GlobalSection(ExtensibilityGlobals) = postSolution
		SolutionGuid = {1073EB1C-77B5-4024-92B4-8B4F8E924CD0}
	EndGlobalSection
EndGlobal
